# This file is automatically @generated by Cargo.
# It is not intended for manual editing.
version = 3

[[package]]
name = "dissimilar"
version = "1.0.7"
source = "registry+https://github.com/rust-lang/crates.io-index"
checksum = "86e3bdc80eee6e16b2b6b0f87fbc98c04bee3455e35174c0de1a125d0688c632"

[[package]]
name = "expect-test"
version = "1.4.1"
source = "registry+https://github.com/rust-lang/crates.io-index"
checksum = "30d9eafeadd538e68fb28016364c9732d78e420b9ff8853fa5e4058861e9f8d3"
dependencies = [
 "dissimilar",
 "once_cell",
]

[[package]]
name = "once_cell"
version = "1.19.0"
source = "registry+https://github.com/rust-lang/crates.io-index"
checksum = "3fdb12b2476b595f9358c5161aa467c2438859caa136dec86c26fdd2efe17b92"

[[package]]
name = "panic-runtime"
version = "0.0.1"

[[package]]
name = "rustc_lexer"
version = "0.0.0"
dependencies = [
 "expect-test",
 "unicode-properties",
 "unicode-xid",
]

[[package]]
name = "unicode-properties"
version = "0.1.0"
source = "registry+https://github.com/rust-lang/crates.io-index"
checksum = "c7f91c8b21fbbaa18853c3d0801c78f4fc94cdb976699bb03e832e75f7fd22f0"

[[package]]
name = "unicode-xid"
version = "0.2.4"
source = "registry+https://github.com/rust-lang/crates.io-index"
checksum = "f962df74c8c05a667b5ee8bcf162993134c104e96440b663c8daa176dc772d8c"
